
Microsoft Visual Studio Solution File, Format Version 12.00
# Visual Studio Version 16
VisualStudioVersion = 16.0.30406.217
MinimumVisualStudioVersion = 10.0.40219.1
Project("{2150E333-8FDC-42A3-9474-1A3956D46DE8}") = "Microservices", "Microservices", "{24386D0D-6690-4FCF-B350-4CB895BF34B5}"
EndProject
Project("{2150E333-8FDC-42A3-9474-1A3956D46DE8}") = "Domain", "Domain", "{AA64B4BB-7C9C-4017-A36F-E18F3555C21A}"
EndProject
Project("{2150E333-8FDC-42A3-9474-1A3956D46DE8}") = "Presentation", "Presentation", "{63351002-BFDD-45D6-8554-D9674C326F47}"
EndProject
Project("{2150E333-8FDC-42A3-9474-1A3956D46DE8}") = "Infra.Bus", "Infra.Bus", "{5C8BC650-51C2-4DCD-8CB8-3F528A502E0B}"
EndProject
Project("{2150E333-8FDC-42A3-9474-1A3956D46DE8}") = "Infra.IoC", "Infra.IoC", "{286F1D0D-2C17-428D-997A-2DE1F3CC35A9}"
EndProject
Project("{9A19103F-16F7-4668-BE54-9A1E7A4F7556}") = "GkMS_Test1.Domain.Core", "GkMS_Test1.Domain.Core\GkMS_Test1.Domain.Core.csproj", "{320F2450-DB23-4BBD-B62B-8FC65B38BB54}"
EndProject
Project("{9A19103F-16F7-4668-BE54-9A1E7A4F7556}") = "GkMS_Test1.Infra.Bus", "GkMS_Test1.Infra.Bus\GkMS_Test1.Infra.Bus.csproj", "{840209B0-AA1F-47BB-AC26-72151AC0C6C7}"
EndProject
Project("{9A19103F-16F7-4668-BE54-9A1E7A4F7556}") = "GkMS_Test1.Infra.IoC", "GkMS_Test1.Infra.IoC\GkMS_Test1.Infra.IoC.csproj", "{6C6A532D-E719-4958-907A-1C2CF5B3B6F4}"
EndProject
Project("{2150E333-8FDC-42A3-9474-1A3956D46DE8}") = "Users", "Users", "{4B46E98F-3C73-4145-8F77-A008D07D2938}"
EndProject
Project("{2150E333-8FDC-42A3-9474-1A3956D46DE8}") = "Printers", "Printers", "{B2617733-465F-4CAF-B10D-D7A78423C548}"
EndProject
Project("{2150E333-8FDC-42A3-9474-1A3956D46DE8}") = "Api", "Api", "{6E775FED-41AE-4812-8645-ED803CA2AF5E}"
EndProject
Project("{2150E333-8FDC-42A3-9474-1A3956D46DE8}") = "Data", "Data", "{9B44DDF7-1E54-431F-AAD2-A8354231AD17}"
EndProject
Project("{2150E333-8FDC-42A3-9474-1A3956D46DE8}") = "Domain", "Domain", "{0CA2A80A-F7CA-40E0-BD8E-8B05B95F265B}"
EndProject
Project("{2150E333-8FDC-42A3-9474-1A3956D46DE8}") = "Application", "Application", "{3C9F2252-AF6D-4A50-A943-2A45D80A9DA5}"
EndProject
Project("{9A19103F-16F7-4668-BE54-9A1E7A4F7556}") = "GkMS_Test1.Users.Api", "GkMS_Test1.Users.Api\GkMS_Test1.Users.Api.csproj", "{33C8783F-168E-4E3D-A539-620740A55833}"
EndProject
Project("{9A19103F-16F7-4668-BE54-9A1E7A4F7556}") = "GkMS_Test1.Users.Application", "GkMS_Test1.Users.Application\GkMS_Test1.Users.Application.csproj", "{0DDF8009-E1C8-47AD-BC31-D9E56204491D}"
EndProject
Project("{9A19103F-16F7-4668-BE54-9A1E7A4F7556}") = "GkMS_Test1.Users.Data", "GkMS_Test1.Users.Data\GkMS_Test1.Users.Data.csproj", "{EC3E75A7-ED06-49B9-A610-3961FAFA8872}"
EndProject
Project("{9A19103F-16F7-4668-BE54-9A1E7A4F7556}") = "GkMS_Test1.Users.Domain", "GkMS_Test1.Users.Domain\GkMS_Test1.Users.Domain.csproj", "{89C97287-DF02-4B2E-9731-C6AC987D825C}"
EndProject
Project("{2150E333-8FDC-42A3-9474-1A3956D46DE8}") = "Api", "Api", "{58701DCE-0DED-41FF-B680-2F6E49FB657A}"
EndProject
Project("{2150E333-8FDC-42A3-9474-1A3956D46DE8}") = "Application", "Application", "{8471D9D4-E739-4CC2-BCBB-3A37DE765E8D}"
EndProject
Project("{2150E333-8FDC-42A3-9474-1A3956D46DE8}") = "Data", "Data", "{5BD6A92B-FB69-4289-BD24-F7016EC38969}"
EndProject
Project("{2150E333-8FDC-42A3-9474-1A3956D46DE8}") = "Domain", "Domain", "{F61891E1-85AE-4CE1-A89C-259D43999111}"
EndProject
Project("{9A19103F-16F7-4668-BE54-9A1E7A4F7556}") = "GkMS_Test1.Printers.Api", "GkMS_Test1.Printers.Api\GkMS_Test1.Printers.Api.csproj", "{97A05153-8234-495F-AAB6-56D9D33C67E1}"
EndProject
Project("{9A19103F-16F7-4668-BE54-9A1E7A4F7556}") = "GkMS_Test1.Printers.Data", "GkMS_Test1.Printers.Data\GkMS_Test1.Printers.Data.csproj", "{8F1CB6F8-C0D1-4911-96F9-A8957604368C}"
EndProject
Project("{9A19103F-16F7-4668-BE54-9A1E7A4F7556}") = "GkMS_Test1.Printers.Domain", "GkMS_Test1.Printers.Domain\GkMS_Test1.Printers.Domain.csproj", "{58544A5E-22EA-4279-A353-403CEEA3C5B0}"
EndProject
Project("{9A19103F-16F7-4668-BE54-9A1E7A4F7556}") = "GkMS_Test1.Printers.Application", "GkMS_Test1.Printers.Application\GkMS_Test1.Printers.Application.csproj", "{E89C49E5-9722-4C87-89D0-C0B5C198B6C8}"
EndProject
Project("{9A19103F-16F7-4668-BE54-9A1E7A4F7556}") = "GkMS_Test1.MVC", "GkMS_Test1.MVC\GkMS_Test1.MVC.csproj", "{469A84DC-345A-421E-9ED6-64F3810F7CC8}"
EndProject
Project("{2150E333-8FDC-42A3-9474-1A3956D46DE8}") = "Invoice", "Invoice", "{4CD750E5-51CB-4500-B96C-EA79174FC1D2}"
EndProject
Project("{2150E333-8FDC-42A3-9474-1A3956D46DE8}") = "Api", "Api", "{3A17E3D1-8DA3-4BEE-95D2-E93E5AD49A0B}"
EndProject
Project("{2150E333-8FDC-42A3-9474-1A3956D46DE8}") = "Application", "Application", "{4E52C829-F9D6-4E47-AA12-E85D3EB05CE5}"
EndProject
Project("{2150E333-8FDC-42A3-9474-1A3956D46DE8}") = "Data", "Data", "{B1B34FC1-1438-4210-884B-71848167FF37}"
EndProject
Project("{2150E333-8FDC-42A3-9474-1A3956D46DE8}") = "Domain", "Domain", "{441F27CE-7514-475F-9E0B-1D8AE9967DDB}"
EndProject
Project("{FAE04EC0-301F-11D3-BF4B-00C04F79EFBC}") = "GkMS_Test1.Invoice.Domain", "GkMS_Test1.Invoice.Domain\GkMS_Test1.Invoice.Domain.csproj", "{502CD0AE-43CB-4A06-B7A0-3CC5D5C92E90}"
EndProject
Project("{FAE04EC0-301F-11D3-BF4B-00C04F79EFBC}") = "GkMS_Test1.Invoice.Data", "GkMS_Test1.Invoice.Data\GkMS_Test1.Invoice.Data.csproj", "{16F9D1C8-4333-427A-A2B1-25FB81B66D46}"
EndProject
Project("{FAE04EC0-301F-11D3-BF4B-00C04F79EFBC}") = "GkMS_Test1.Invoice.Api", "GkMS_Test1.Invoice.Api\GkMS_Test1.Invoice.Api.csproj", "{AD5C0A35-5949-472E-BF93-9BDAAE2C1B89}"
EndProject
Project("{FAE04EC0-301F-11D3-BF4B-00C04F79EFBC}") = "GkMS_Test1.Invoice.Application", "GkMS_Test1.Invoice.Application\GkMS_Test1.Invoice.Application.csproj", "{3E66A7CC-8076-46AB-8AC1-F4E22B6F37BE}"
EndProject
Global
	GlobalSection(SolutionConfigurationPlatforms) = preSolution
		Debug|Any CPU = Debug|Any CPU
		Release|Any CPU = Release|Any CPU
	EndGlobalSection
	GlobalSection(ProjectConfigurationPlatforms) = postSolution
		{320F2450-DB23-4BBD-B62B-8FC65B38BB54}.Debug|Any CPU.ActiveCfg = Debug|Any CPU
		{320F2450-DB23-4BBD-B62B-8FC65B38BB54}.Debug|Any CPU.Build.0 = Debug|Any CPU
		{320F2450-DB23-4BBD-B62B-8FC65B38BB54}.Release|Any CPU.ActiveCfg = Release|Any CPU
		{320F2450-DB23-4BBD-B62B-8FC65B38BB54}.Release|Any CPU.Build.0 = Release|Any CPU
		{840209B0-AA1F-47BB-AC26-72151AC0C6C7}.Debug|Any CPU.ActiveCfg = Debug|Any CPU
		{840209B0-AA1F-47BB-AC26-72151AC0C6C7}.Debug|Any CPU.Build.0 = Debug|Any CPU
		{840209B0-AA1F-47BB-AC26-72151AC0C6C7}.Release|Any CPU.ActiveCfg = Release|Any CPU
		{840209B0-AA1F-47BB-AC26-72151AC0C6C7}.Release|Any CPU.Build.0 = Release|Any CPU
		{6C6A532D-E719-4958-907A-1C2CF5B3B6F4}.Debug|Any CPU.ActiveCfg = Debug|Any CPU
		{6C6A532D-E719-4958-907A-1C2CF5B3B6F4}.Debug|Any CPU.Build.0 = Debug|Any CPU
		{6C6A532D-E719-4958-907A-1C2CF5B3B6F4}.Release|Any CPU.ActiveCfg = Release|Any CPU
		{6C6A532D-E719-4958-907A-1C2CF5B3B6F4}.Release|Any CPU.Build.0 = Release|Any CPU
		{33C8783F-168E-4E3D-A539-620740A55833}.Debug|Any CPU.ActiveCfg = Debug|Any CPU
		{33C8783F-168E-4E3D-A539-620740A55833}.Debug|Any CPU.Build.0 = Debug|Any CPU
		{33C8783F-168E-4E3D-A539-620740A55833}.Release|Any CPU.ActiveCfg = Release|Any CPU
		{33C8783F-168E-4E3D-A539-620740A55833}.Release|Any CPU.Build.0 = Release|Any CPU
		{0DDF8009-E1C8-47AD-BC31-D9E56204491D}.Debug|Any CPU.ActiveCfg = Debug|Any CPU
		{0DDF8009-E1C8-47AD-BC31-D9E56204491D}.Debug|Any CPU.Build.0 = Debug|Any CPU
		{0DDF8009-E1C8-47AD-BC31-D9E56204491D}.Release|Any CPU.ActiveCfg = Release|Any CPU
		{0DDF8009-E1C8-47AD-BC31-D9E56204491D}.Release|Any CPU.Build.0 = Release|Any CPU
		{EC3E75A7-ED06-49B9-A610-3961FAFA8872}.Debug|Any CPU.ActiveCfg = Debug|Any CPU
		{EC3E75A7-ED06-49B9-A610-3961FAFA8872}.Debug|Any CPU.Build.0 = Debug|Any CPU
		{EC3E75A7-ED06-49B9-A610-3961FAFA8872}.Release|Any CPU.ActiveCfg = Release|Any CPU
		{EC3E75A7-ED06-49B9-A610-3961FAFA8872}.Release|Any CPU.Build.0 = Release|Any CPU
		{89C97287-DF02-4B2E-9731-C6AC987D825C}.Debug|Any CPU.ActiveCfg = Debug|Any CPU
		{89C97287-DF02-4B2E-9731-C6AC987D825C}.Debug|Any CPU.Build.0 = Debug|Any CPU
		{89C97287-DF02-4B2E-9731-C6AC987D825C}.Release|Any CPU.ActiveCfg = Release|Any CPU
		{89C97287-DF02-4B2E-9731-C6AC987D825C}.Release|Any CPU.Build.0 = Release|Any CPU
		{97A05153-8234-495F-AAB6-56D9D33C67E1}.Debug|Any CPU.ActiveCfg = Debug|Any CPU
		{97A05153-8234-495F-AAB6-56D9D33C67E1}.Debug|Any CPU.Build.0 = Debug|Any CPU
		{97A05153-8234-495F-AAB6-56D9D33C67E1}.Release|Any CPU.ActiveCfg = Release|Any CPU
		{97A05153-8234-495F-AAB6-56D9D33C67E1}.Release|Any CPU.Build.0 = Release|Any CPU
		{8F1CB6F8-C0D1-4911-96F9-A8957604368C}.Debug|Any CPU.ActiveCfg = Debug|Any CPU
		{8F1CB6F8-C0D1-4911-96F9-A8957604368C}.Debug|Any CPU.Build.0 = Debug|Any CPU
		{8F1CB6F8-C0D1-4911-96F9-A8957604368C}.Release|Any CPU.ActiveCfg = Release|Any CPU
		{8F1CB6F8-C0D1-4911-96F9-A8957604368C}.Release|Any CPU.Build.0 = Release|Any CPU
		{58544A5E-22EA-4279-A353-403CEEA3C5B0}.Debug|Any CPU.ActiveCfg = Debug|Any CPU
		{58544A5E-22EA-4279-A353-403CEEA3C5B0}.Debug|Any CPU.Build.0 = Debug|Any CPU
		{58544A5E-22EA-4279-A353-403CEEA3C5B0}.Release|Any CPU.ActiveCfg = Release|Any CPU
		{58544A5E-22EA-4279-A353-403CEEA3C5B0}.Release|Any CPU.Build.0 = Release|Any CPU
		{E89C49E5-9722-4C87-89D0-C0B5C198B6C8}.Debug|Any CPU.ActiveCfg = Debug|Any CPU
		{E89C49E5-9722-4C87-89D0-C0B5C198B6C8}.Debug|Any CPU.Build.0 = Debug|Any CPU
		{E89C49E5-9722-4C87-89D0-C0B5C198B6C8}.Release|Any CPU.ActiveCfg = Release|Any CPU
		{E89C49E5-9722-4C87-89D0-C0B5C198B6C8}.Release|Any CPU.Build.0 = Release|Any CPU
		{469A84DC-345A-421E-9ED6-64F3810F7CC8}.Debug|Any CPU.ActiveCfg = Debug|Any CPU
		{469A84DC-345A-421E-9ED6-64F3810F7CC8}.Debug|Any CPU.Build.0 = Debug|Any CPU
		{469A84DC-345A-421E-9ED6-64F3810F7CC8}.Release|Any CPU.ActiveCfg = Release|Any CPU
		{469A84DC-345A-421E-9ED6-64F3810F7CC8}.Release|Any CPU.Build.0 = Release|Any CPU
		{502CD0AE-43CB-4A06-B7A0-3CC5D5C92E90}.Debug|Any CPU.ActiveCfg = Debug|Any CPU
		{502CD0AE-43CB-4A06-B7A0-3CC5D5C92E90}.Debug|Any CPU.Build.0 = Debug|Any CPU
		{502CD0AE-43CB-4A06-B7A0-3CC5D5C92E90}.Release|Any CPU.ActiveCfg = Release|Any CPU
		{502CD0AE-43CB-4A06-B7A0-3CC5D5C92E90}.Release|Any CPU.Build.0 = Release|Any CPU
		{16F9D1C8-4333-427A-A2B1-25FB81B66D46}.Debug|Any CPU.ActiveCfg = Debug|Any CPU
		{16F9D1C8-4333-427A-A2B1-25FB81B66D46}.Debug|Any CPU.Build.0 = Debug|Any CPU
		{16F9D1C8-4333-427A-A2B1-25FB81B66D46}.Release|Any CPU.ActiveCfg = Release|Any CPU
		{16F9D1C8-4333-427A-A2B1-25FB81B66D46}.Release|Any CPU.Build.0 = Release|Any CPU
		{AD5C0A35-5949-472E-BF93-9BDAAE2C1B89}.Debug|Any CPU.ActiveCfg = Debug|Any CPU
		{AD5C0A35-5949-472E-BF93-9BDAAE2C1B89}.Debug|Any CPU.Build.0 = Debug|Any CPU
		{AD5C0A35-5949-472E-BF93-9BDAAE2C1B89}.Release|Any CPU.ActiveCfg = Release|Any CPU
		{AD5C0A35-5949-472E-BF93-9BDAAE2C1B89}.Release|Any CPU.Build.0 = Release|Any CPU
		{3E66A7CC-8076-46AB-8AC1-F4E22B6F37BE}.Debug|Any CPU.ActiveCfg = Debug|Any CPU
		{3E66A7CC-8076-46AB-8AC1-F4E22B6F37BE}.Debug|Any CPU.Build.0 = Debug|Any CPU
		{3E66A7CC-8076-46AB-8AC1-F4E22B6F37BE}.Release|Any CPU.ActiveCfg = Release|Any CPU
		{3E66A7CC-8076-46AB-8AC1-F4E22B6F37BE}.Release|Any CPU.Build.0 = Release|Any CPU
	EndGlobalSection
	GlobalSection(SolutionProperties) = preSolution
		HideSolutionNode = FALSE
	EndGlobalSection
	GlobalSection(NestedProjects) = preSolution
		{320F2450-DB23-4BBD-B62B-8FC65B38BB54} = {AA64B4BB-7C9C-4017-A36F-E18F3555C21A}
		{840209B0-AA1F-47BB-AC26-72151AC0C6C7} = {5C8BC650-51C2-4DCD-8CB8-3F528A502E0B}
		{6C6A532D-E719-4958-907A-1C2CF5B3B6F4} = {286F1D0D-2C17-428D-997A-2DE1F3CC35A9}
		{4B46E98F-3C73-4145-8F77-A008D07D2938} = {24386D0D-6690-4FCF-B350-4CB895BF34B5}
		{B2617733-465F-4CAF-B10D-D7A78423C548} = {24386D0D-6690-4FCF-B350-4CB895BF34B5}
		{6E775FED-41AE-4812-8645-ED803CA2AF5E} = {4B46E98F-3C73-4145-8F77-A008D07D2938}
		{9B44DDF7-1E54-431F-AAD2-A8354231AD17} = {4B46E98F-3C73-4145-8F77-A008D07D2938}
		{0CA2A80A-F7CA-40E0-BD8E-8B05B95F265B} = {4B46E98F-3C73-4145-8F77-A008D07D2938}
		{3C9F2252-AF6D-4A50-A943-2A45D80A9DA5} = {4B46E98F-3C73-4145-8F77-A008D07D2938}
		{33C8783F-168E-4E3D-A539-620740A55833} = {6E775FED-41AE-4812-8645-ED803CA2AF5E}
		{0DDF8009-E1C8-47AD-BC31-D9E56204491D} = {3C9F2252-AF6D-4A50-A943-2A45D80A9DA5}
		{EC3E75A7-ED06-49B9-A610-3961FAFA8872} = {9B44DDF7-1E54-431F-AAD2-A8354231AD17}
		{89C97287-DF02-4B2E-9731-C6AC987D825C} = {0CA2A80A-F7CA-40E0-BD8E-8B05B95F265B}
		{58701DCE-0DED-41FF-B680-2F6E49FB657A} = {B2617733-465F-4CAF-B10D-D7A78423C548}
		{8471D9D4-E739-4CC2-BCBB-3A37DE765E8D} = {B2617733-465F-4CAF-B10D-D7A78423C548}
		{5BD6A92B-FB69-4289-BD24-F7016EC38969} = {B2617733-465F-4CAF-B10D-D7A78423C548}
		{F61891E1-85AE-4CE1-A89C-259D43999111} = {B2617733-465F-4CAF-B10D-D7A78423C548}
		{97A05153-8234-495F-AAB6-56D9D33C67E1} = {58701DCE-0DED-41FF-B680-2F6E49FB657A}
		{8F1CB6F8-C0D1-4911-96F9-A8957604368C} = {5BD6A92B-FB69-4289-BD24-F7016EC38969}
		{58544A5E-22EA-4279-A353-403CEEA3C5B0} = {F61891E1-85AE-4CE1-A89C-259D43999111}
		{E89C49E5-9722-4C87-89D0-C0B5C198B6C8} = {8471D9D4-E739-4CC2-BCBB-3A37DE765E8D}
		{469A84DC-345A-421E-9ED6-64F3810F7CC8} = {63351002-BFDD-45D6-8554-D9674C326F47}
		{4CD750E5-51CB-4500-B96C-EA79174FC1D2} = {24386D0D-6690-4FCF-B350-4CB895BF34B5}
		{3A17E3D1-8DA3-4BEE-95D2-E93E5AD49A0B} = {4CD750E5-51CB-4500-B96C-EA79174FC1D2}
		{4E52C829-F9D6-4E47-AA12-E85D3EB05CE5} = {4CD750E5-51CB-4500-B96C-EA79174FC1D2}
		{B1B34FC1-1438-4210-884B-71848167FF37} = {4CD750E5-51CB-4500-B96C-EA79174FC1D2}
		{441F27CE-7514-475F-9E0B-1D8AE9967DDB} = {4CD750E5-51CB-4500-B96C-EA79174FC1D2}
		{502CD0AE-43CB-4A06-B7A0-3CC5D5C92E90} = {441F27CE-7514-475F-9E0B-1D8AE9967DDB}
		{16F9D1C8-4333-427A-A2B1-25FB81B66D46} = {B1B34FC1-1438-4210-884B-71848167FF37}
		{AD5C0A35-5949-472E-BF93-9BDAAE2C1B89} = {3A17E3D1-8DA3-4BEE-95D2-E93E5AD49A0B}
		{3E66A7CC-8076-46AB-8AC1-F4E22B6F37BE} = {4E52C829-F9D6-4E47-AA12-E85D3EB05CE5}
	EndGlobalSection
	GlobalSection(ExtensibilityGlobals) = postSolution
		SolutionGuid = {03B9E7AB-3F66-4F9C-9E4E-0848B517372D}
	EndGlobalSection
EndGlobal
