
Microsoft Visual Studio Solution File, Format Version 12.00
# Visual Studio Version 16
VisualStudioVersion = 16.0.30406.217
MinimumVisualStudioVersion = 10.0.40219.1
Project("{2150E333-8FDC-42A3-9474-1A3956D46DE8}") = "Microservices", "Microservices", "{24386D0D-6690-4FCF-B350-4CB895BF34B5}"
EndProject
Project("{2150E333-8FDC-42A3-9474-1A3956D46DE8}") = "Domain", "Domain", "{AA64B4BB-7C9C-4017-A36F-E18F3555C21A}"
EndProject
Project("{2150E333-8FDC-42A3-9474-1A3956D46DE8}") = "Presentation", "Presentation", "{63351002-BFDD-45D6-8554-D9674C326F47}"
EndProject
Project("{2150E333-8FDC-42A3-9474-1A3956D46DE8}") = "Infra.Bus", "Infra.Bus", "{5C8BC650-51C2-4DCD-8CB8-3F528A502E0B}"
EndProject
Project("{2150E333-8FDC-42A3-9474-1A3956D46DE8}") = "Infra.IoC", "Infra.IoC", "{286F1D0D-2C17-428D-997A-2DE1F3CC35A9}"
EndProject
Project("{9A19103F-16F7-4668-BE54-9A1E7A4F7556}") = "GkMS_Test1.Domain.Core", "GkMS_Test1.Domain.Core\GkMS_Test1.Domain.Core.csproj", "{320F2450-DB23-4BBD-B62B-8FC65B38BB54}"
EndProject
Project("{9A19103F-16F7-4668-BE54-9A1E7A4F7556}") = "GkMS_Test1.Infra.Bus", "GkMS_Test1.Infra.Bus\GkMS_Test1.Infra.Bus.csproj", "{840209B0-AA1F-47BB-AC26-72151AC0C6C7}"
EndProject
Project("{9A19103F-16F7-4668-BE54-9A1E7A4F7556}") = "GkMS_Test1.Infra.IoC", "GkMS_Test1.Infra.IoC\GkMS_Test1.Infra.IoC.csproj", "{6C6A532D-E719-4958-907A-1C2CF5B3B6F4}"
EndProject
Project("{2150E333-8FDC-42A3-9474-1A3956D46DE8}") = "Users", "Users", "{4B46E98F-3C73-4145-8F77-A008D07D2938}"
EndProject
Project("{2150E333-8FDC-42A3-9474-1A3956D46DE8}") = "Printers", "Printers", "{B2617733-465F-4CAF-B10D-D7A78423C548}"
EndProject
Project("{2150E333-8FDC-42A3-9474-1A3956D46DE8}") = "Api", "Api", "{6E775FED-41AE-4812-8645-ED803CA2AF5E}"
EndProject
Project("{2150E333-8FDC-42A3-9474-1A3956D46DE8}") = "Data", "Data", "{9B44DDF7-1E54-431F-AAD2-A8354231AD17}"
EndProject
Project("{2150E333-8FDC-42A3-9474-1A3956D46DE8}") = "Domain", "Domain", "{0CA2A80A-F7CA-40E0-BD8E-8B05B95F265B}"
EndProject
Project("{2150E333-8FDC-42A3-9474-1A3956D46DE8}") = "Application", "Application", "{3C9F2252-AF6D-4A50-A943-2A45D80A9DA5}"
EndProject
Project("{FAE04EC0-301F-11D3-BF4B-00C04F79EFBC}") = "GkMS_Test1.Users.Api", "GkMS_Test1.Users.Api\GkMS_Test1.Users.Api.csproj", "{33C8783F-168E-4E3D-A539-620740A55833}"
EndProject
Project("{FAE04EC0-301F-11D3-BF4B-00C04F79EFBC}") = "GkMS_Test1.Users.Application", "GkMS_Test1.Users.Application\GkMS_Test1.Users.Application.csproj", "{0DDF8009-E1C8-47AD-BC31-D9E56204491D}"
EndProject
Project("{FAE04EC0-301F-11D3-BF4B-00C04F79EFBC}") = "GkMS_Test1.Users.Data", "GkMS_Test1.Users.Data\GkMS_Test1.Users.Data.csproj", "{EC3E75A7-ED06-49B9-A610-3961FAFA8872}"
EndProject
Project("{FAE04EC0-301F-11D3-BF4B-00C04F79EFBC}") = "GkMS_Test1.Users.Domain", "GkMS_Test1.Users.Domain\GkMS_Test1.Users.Domain.csproj", "{89C97287-DF02-4B2E-9731-C6AC987D825C}"
EndProject
Global
	GlobalSection(SolutionConfigurationPlatforms) = preSolution
		Debug|Any CPU = Debug|Any CPU
		Release|Any CPU = Release|Any CPU
	EndGlobalSection
	GlobalSection(ProjectConfigurationPlatforms) = postSolution
		{320F2450-DB23-4BBD-B62B-8FC65B38BB54}.Debug|Any CPU.ActiveCfg = Debug|Any CPU
		{320F2450-DB23-4BBD-B62B-8FC65B38BB54}.Debug|Any CPU.Build.0 = Debug|Any CPU
		{320F2450-DB23-4BBD-B62B-8FC65B38BB54}.Release|Any CPU.ActiveCfg = Release|Any CPU
		{320F2450-DB23-4BBD-B62B-8FC65B38BB54}.Release|Any CPU.Build.0 = Release|Any CPU
		{840209B0-AA1F-47BB-AC26-72151AC0C6C7}.Debug|Any CPU.ActiveCfg = Debug|Any CPU
		{840209B0-AA1F-47BB-AC26-72151AC0C6C7}.Debug|Any CPU.Build.0 = Debug|Any CPU
		{840209B0-AA1F-47BB-AC26-72151AC0C6C7}.Release|Any CPU.ActiveCfg = Release|Any CPU
		{840209B0-AA1F-47BB-AC26-72151AC0C6C7}.Release|Any CPU.Build.0 = Release|Any CPU
		{6C6A532D-E719-4958-907A-1C2CF5B3B6F4}.Debug|Any CPU.ActiveCfg = Debug|Any CPU
		{6C6A532D-E719-4958-907A-1C2CF5B3B6F4}.Debug|Any CPU.Build.0 = Debug|Any CPU
		{6C6A532D-E719-4958-907A-1C2CF5B3B6F4}.Release|Any CPU.ActiveCfg = Release|Any CPU
		{6C6A532D-E719-4958-907A-1C2CF5B3B6F4}.Release|Any CPU.Build.0 = Release|Any CPU
		{33C8783F-168E-4E3D-A539-620740A55833}.Debug|Any CPU.ActiveCfg = Debug|Any CPU
		{33C8783F-168E-4E3D-A539-620740A55833}.Debug|Any CPU.Build.0 = Debug|Any CPU
		{33C8783F-168E-4E3D-A539-620740A55833}.Release|Any CPU.ActiveCfg = Release|Any CPU
		{33C8783F-168E-4E3D-A539-620740A55833}.Release|Any CPU.Build.0 = Release|Any CPU
		{0DDF8009-E1C8-47AD-BC31-D9E56204491D}.Debug|Any CPU.ActiveCfg = Debug|Any CPU
		{0DDF8009-E1C8-47AD-BC31-D9E56204491D}.Debug|Any CPU.Build.0 = Debug|Any CPU
		{0DDF8009-E1C8-47AD-BC31-D9E56204491D}.Release|Any CPU.ActiveCfg = Release|Any CPU
		{0DDF8009-E1C8-47AD-BC31-D9E56204491D}.Release|Any CPU.Build.0 = Release|Any CPU
		{EC3E75A7-ED06-49B9-A610-3961FAFA8872}.Debug|Any CPU.ActiveCfg = Debug|Any CPU
		{EC3E75A7-ED06-49B9-A610-3961FAFA8872}.Debug|Any CPU.Build.0 = Debug|Any CPU
		{EC3E75A7-ED06-49B9-A610-3961FAFA8872}.Release|Any CPU.ActiveCfg = Release|Any CPU
		{EC3E75A7-ED06-49B9-A610-3961FAFA8872}.Release|Any CPU.Build.0 = Release|Any CPU
		{89C97287-DF02-4B2E-9731-C6AC987D825C}.Debug|Any CPU.ActiveCfg = Debug|Any CPU
		{89C97287-DF02-4B2E-9731-C6AC987D825C}.Debug|Any CPU.Build.0 = Debug|Any CPU
		{89C97287-DF02-4B2E-9731-C6AC987D825C}.Release|Any CPU.ActiveCfg = Release|Any CPU
		{89C97287-DF02-4B2E-9731-C6AC987D825C}.Release|Any CPU.Build.0 = Release|Any CPU
	EndGlobalSection
	GlobalSection(SolutionProperties) = preSolution
		HideSolutionNode = FALSE
	EndGlobalSection
	GlobalSection(NestedProjects) = preSolution
		{320F2450-DB23-4BBD-B62B-8FC65B38BB54} = {AA64B4BB-7C9C-4017-A36F-E18F3555C21A}
		{840209B0-AA1F-47BB-AC26-72151AC0C6C7} = {5C8BC650-51C2-4DCD-8CB8-3F528A502E0B}
		{6C6A532D-E719-4958-907A-1C2CF5B3B6F4} = {286F1D0D-2C17-428D-997A-2DE1F3CC35A9}
		{4B46E98F-3C73-4145-8F77-A008D07D2938} = {24386D0D-6690-4FCF-B350-4CB895BF34B5}
		{B2617733-465F-4CAF-B10D-D7A78423C548} = {24386D0D-6690-4FCF-B350-4CB895BF34B5}
		{6E775FED-41AE-4812-8645-ED803CA2AF5E} = {4B46E98F-3C73-4145-8F77-A008D07D2938}
		{9B44DDF7-1E54-431F-AAD2-A8354231AD17} = {4B46E98F-3C73-4145-8F77-A008D07D2938}
		{0CA2A80A-F7CA-40E0-BD8E-8B05B95F265B} = {4B46E98F-3C73-4145-8F77-A008D07D2938}
		{3C9F2252-AF6D-4A50-A943-2A45D80A9DA5} = {4B46E98F-3C73-4145-8F77-A008D07D2938}
		{33C8783F-168E-4E3D-A539-620740A55833} = {6E775FED-41AE-4812-8645-ED803CA2AF5E}
		{0DDF8009-E1C8-47AD-BC31-D9E56204491D} = {3C9F2252-AF6D-4A50-A943-2A45D80A9DA5}
		{EC3E75A7-ED06-49B9-A610-3961FAFA8872} = {9B44DDF7-1E54-431F-AAD2-A8354231AD17}
		{89C97287-DF02-4B2E-9731-C6AC987D825C} = {0CA2A80A-F7CA-40E0-BD8E-8B05B95F265B}
	EndGlobalSection
	GlobalSection(ExtensibilityGlobals) = postSolution
		SolutionGuid = {03B9E7AB-3F66-4F9C-9E4E-0848B517372D}
	EndGlobalSection
EndGlobal
